
Microsoft Visual Studio Solution File, Format Version 12.00
# Visual Studio 15
VisualStudioVersion = 15.0.28010.2048
MinimumVisualStudioVersion = 10.0.40219.1
Project("{FAE04EC0-301F-11D3-BF4B-00C04F79EFBC}") = "BOT-SpotSensor", "BOT-SpotSensor\BOT-SpotSensor.csproj", "{4030C8B2-A29A-4E32-B831-D63C84DDB11E}"
EndProject
Project("{FAE04EC0-301F-11D3-BF4B-00C04F79EFBC}") = "ParkDACE", "WindowsFormsApp1\ParkDACE.csproj", "{15967165-7333-4623-B004-19CCFAC354A5}"
	ProjectSection(ProjectDependencies) = postProject
		{4030C8B2-A29A-4E32-B831-D63C84DDB11E} = {4030C8B2-A29A-4E32-B831-D63C84DDB11E}
	EndProjectSection
EndProject
Global
	GlobalSection(SolutionConfigurationPlatforms) = preSolution
		Debug|Any CPU = Debug|Any CPU
		Release|Any CPU = Release|Any CPU
	EndGlobalSection
	GlobalSection(ProjectConfigurationPlatforms) = postSolution
		{4030C8B2-A29A-4E32-B831-D63C84DDB11E}.Debug|Any CPU.ActiveCfg = Debug|Any CPU
		{4030C8B2-A29A-4E32-B831-D63C84DDB11E}.Debug|Any CPU.Build.0 = Debug|Any CPU
		{4030C8B2-A29A-4E32-B831-D63C84DDB11E}.Release|Any CPU.ActiveCfg = Release|Any CPU
		{4030C8B2-A29A-4E32-B831-D63C84DDB11E}.Release|Any CPU.Build.0 = Release|Any CPU
		{15967165-7333-4623-B004-19CCFAC354A5}.Debug|Any CPU.ActiveCfg = Debug|Any CPU
		{15967165-7333-4623-B004-19CCFAC354A5}.Debug|Any CPU.Build.0 = Debug|Any CPU
		{15967165-7333-4623-B004-19CCFAC354A5}.Release|Any CPU.ActiveCfg = Release|Any CPU
		{15967165-7333-4623-B004-19CCFAC354A5}.Release|Any CPU.Build.0 = Release|Any CPU
	EndGlobalSection
	GlobalSection(SolutionProperties) = preSolution
		HideSolutionNode = FALSE
	EndGlobalSection
	GlobalSection(ExtensibilityGlobals) = postSolution
		SolutionGuid = {C987085C-11A8-4A98-B7FA-12F51ADC1150}
	EndGlobalSection
EndGlobal
